
Microsoft Visual Studio Solution File, Format Version 12.00
# Visual Studio Version 17
VisualStudioVersion = 17.7.34202.233
MinimumVisualStudioVersion = 10.0.40219.1
Project("{9A19103F-16F7-4668-BE54-9A1E7A4F7556}") = "ReportingUtils", "src\ReportingUtils\ReportingUtils.csproj", "{35783819-97AF-4727-A5AC-4F5A8692EC20}"
EndProject
Project("{2150E333-8FDC-42A3-9474-1A3956D46DE8}") = "Utilites", "Utilites", "{406E2138-E648-4177-943C-11555B7CEB9D}"
EndProject
Project("{2150E333-8FDC-42A3-9474-1A3956D46DE8}") = "DriversCleanUp", "DriversCleanUp", "{5ACCCFDE-5993-432E-BC5E-0E4B8D1119C8}"
EndProject
Project("{9A19103F-16F7-4668-BE54-9A1E7A4F7556}") = "DriversCleanUp", "src\Utilities\DriversCleanUp\DriversCleanUp.csproj", "{8F5433FD-A7FB-461E-8BAC-F8E5B1E8813D}"
EndProject
Project("{FAE04EC0-301F-11D3-BF4B-00C04F79EFBC}") = "SeleniumCSharpAuto", "src\SeleniumCSharpAuto\SeleniumCSharpAuto.csproj", "{0CC36B9D-B1AC-412E-A87F-EC5659040E73}"
EndProject
Global
	GlobalSection(SolutionConfigurationPlatforms) = preSolution
		Debug|Any CPU = Debug|Any CPU
		Release|Any CPU = Release|Any CPU
	EndGlobalSection
	GlobalSection(ProjectConfigurationPlatforms) = postSolution
		{35783819-97AF-4727-A5AC-4F5A8692EC20}.Debug|Any CPU.ActiveCfg = Debug|Any CPU
		{35783819-97AF-4727-A5AC-4F5A8692EC20}.Debug|Any CPU.Build.0 = Debug|Any CPU
		{35783819-97AF-4727-A5AC-4F5A8692EC20}.Release|Any CPU.ActiveCfg = Release|Any CPU
		{35783819-97AF-4727-A5AC-4F5A8692EC20}.Release|Any CPU.Build.0 = Release|Any CPU
		{8F5433FD-A7FB-461E-8BAC-F8E5B1E8813D}.Debug|Any CPU.ActiveCfg = Debug|Any CPU
		{8F5433FD-A7FB-461E-8BAC-F8E5B1E8813D}.Debug|Any CPU.Build.0 = Debug|Any CPU
		{8F5433FD-A7FB-461E-8BAC-F8E5B1E8813D}.Release|Any CPU.ActiveCfg = Release|Any CPU
		{8F5433FD-A7FB-461E-8BAC-F8E5B1E8813D}.Release|Any CPU.Build.0 = Release|Any CPU
		{0CC36B9D-B1AC-412E-A87F-EC5659040E73}.Debug|Any CPU.ActiveCfg = Debug|Any CPU
		{0CC36B9D-B1AC-412E-A87F-EC5659040E73}.Debug|Any CPU.Build.0 = Debug|Any CPU
		{0CC36B9D-B1AC-412E-A87F-EC5659040E73}.Release|Any CPU.ActiveCfg = Release|Any CPU
		{0CC36B9D-B1AC-412E-A87F-EC5659040E73}.Release|Any CPU.Build.0 = Release|Any CPU
	EndGlobalSection
	GlobalSection(SolutionProperties) = preSolution
		HideSolutionNode = FALSE
	EndGlobalSection
	GlobalSection(NestedProjects) = preSolution
		{5ACCCFDE-5993-432E-BC5E-0E4B8D1119C8} = {406E2138-E648-4177-943C-11555B7CEB9D}
		{8F5433FD-A7FB-461E-8BAC-F8E5B1E8813D} = {5ACCCFDE-5993-432E-BC5E-0E4B8D1119C8}
	EndGlobalSection
	GlobalSection(ExtensibilityGlobals) = postSolution
		SolutionGuid = {3F4A88C5-5FB9-4875-B9F5-67550C86F883}
	EndGlobalSection
EndGlobal
